
Microsoft Visual Studio Solution File, Format Version 12.00
# Visual Studio Version 17
VisualStudioVersion = 17.9.34616.47
MinimumVisualStudioVersion = 10.0.40219.1
Project("{9A19103F-16F7-4668-BE54-9A1E7A4F7556}") = "GabbroSecretManager.Persistence", "GabbroSecretManager.Persistence\GabbroSecretManager.Persistence.csproj", "{033457C4-5CEC-49F5-89FC-B5413C9C9BD9}"
EndProject
Project("{9A19103F-16F7-4668-BE54-9A1E7A4F7556}") = "GabbroSecretManager", "GabbroSecretManager\GabbroSecretManager.csproj", "{5A62B67F-DC71-48D8-B00C-88591E4DD62A}"
EndProject
Project("{FAE04EC0-301F-11D3-BF4B-00C04F79EFBC}") = "GabbroSecretManager.UI", "GabbroSecretManager.UI\GabbroSecretManager.UI.csproj", "{9080B900-0499-4150-AA90-AEFC11A0A35E}"
EndProject
Project("{FAE04EC0-301F-11D3-BF4B-00C04F79EFBC}") = "GabbroSecretManager.Domain", "GabbroSecretManager.Domain\GabbroSecretManager.Domain.csproj", "{4BA601D3-ADEF-4F01-887E-89A3FE7503C5}"
EndProject
Project("{FAE04EC0-301F-11D3-BF4B-00C04F79EFBC}") = "GabbroSecretManager.UI.Bulma", "GabbroSecretManager.UI.Bulma\GabbroSecretManager.UI.Bulma.csproj", "{AD8C25D9-8814-4E02-8BF2-CF4375E8F745}"
EndProject
Project("{2150E333-8FDC-42A3-9474-1A3956D46DE8}") = "Solution Items", "Solution Items", "{4081BA49-C2B0-4C98-95EC-275B6C001767}"
	ProjectSection(SolutionItems) = preProject
		.editorconfig = .editorconfig
	EndProjectSection
EndProject
Project("{FAE04EC0-301F-11D3-BF4B-00C04F79EFBC}") = "GabbroSecretManager.Core", "GabbroSecretManager.Core\GabbroSecretManager.Core.csproj", "{11809799-83B4-4A2F-9DA0-165E1C9A36D2}"
EndProject
Project("{FAE04EC0-301F-11D3-BF4B-00C04F79EFBC}") = "GabbroSecretManager.Api", "GabbroSecretManager.Api\GabbroSecretManager.Api.csproj", "{1C6CC6CA-FF8D-4A98-B26A-943880E9CB8E}"
EndProject
Global
	GlobalSection(SolutionConfigurationPlatforms) = preSolution
		Debug|Any CPU = Debug|Any CPU
		Release|Any CPU = Release|Any CPU
	EndGlobalSection
	GlobalSection(ProjectConfigurationPlatforms) = postSolution
		{033457C4-5CEC-49F5-89FC-B5413C9C9BD9}.Debug|Any CPU.ActiveCfg = Debug|Any CPU
		{033457C4-5CEC-49F5-89FC-B5413C9C9BD9}.Debug|Any CPU.Build.0 = Debug|Any CPU
		{033457C4-5CEC-49F5-89FC-B5413C9C9BD9}.Release|Any CPU.ActiveCfg = Release|Any CPU
		{033457C4-5CEC-49F5-89FC-B5413C9C9BD9}.Release|Any CPU.Build.0 = Release|Any CPU
		{5A62B67F-DC71-48D8-B00C-88591E4DD62A}.Debug|Any CPU.ActiveCfg = Debug|Any CPU
		{5A62B67F-DC71-48D8-B00C-88591E4DD62A}.Debug|Any CPU.Build.0 = Debug|Any CPU
		{5A62B67F-DC71-48D8-B00C-88591E4DD62A}.Release|Any CPU.ActiveCfg = Release|Any CPU
		{5A62B67F-DC71-48D8-B00C-88591E4DD62A}.Release|Any CPU.Build.0 = Release|Any CPU
		{9080B900-0499-4150-AA90-AEFC11A0A35E}.Debug|Any CPU.ActiveCfg = Debug|Any CPU
		{9080B900-0499-4150-AA90-AEFC11A0A35E}.Debug|Any CPU.Build.0 = Debug|Any CPU
		{9080B900-0499-4150-AA90-AEFC11A0A35E}.Release|Any CPU.ActiveCfg = Release|Any CPU
		{9080B900-0499-4150-AA90-AEFC11A0A35E}.Release|Any CPU.Build.0 = Release|Any CPU
		{4BA601D3-ADEF-4F01-887E-89A3FE7503C5}.Debug|Any CPU.ActiveCfg = Debug|Any CPU
		{4BA601D3-ADEF-4F01-887E-89A3FE7503C5}.Debug|Any CPU.Build.0 = Debug|Any CPU
		{4BA601D3-ADEF-4F01-887E-89A3FE7503C5}.Release|Any CPU.ActiveCfg = Release|Any CPU
		{4BA601D3-ADEF-4F01-887E-89A3FE7503C5}.Release|Any CPU.Build.0 = Release|Any CPU
		{AD8C25D9-8814-4E02-8BF2-CF4375E8F745}.Debug|Any CPU.ActiveCfg = Debug|Any CPU
		{AD8C25D9-8814-4E02-8BF2-CF4375E8F745}.Debug|Any CPU.Build.0 = Debug|Any CPU
		{AD8C25D9-8814-4E02-8BF2-CF4375E8F745}.Release|Any CPU.ActiveCfg = Release|Any CPU
		{AD8C25D9-8814-4E02-8BF2-CF4375E8F745}.Release|Any CPU.Build.0 = Release|Any CPU
		{11809799-83B4-4A2F-9DA0-165E1C9A36D2}.Debug|Any CPU.ActiveCfg = Debug|Any CPU
		{11809799-83B4-4A2F-9DA0-165E1C9A36D2}.Debug|Any CPU.Build.0 = Debug|Any CPU
		{11809799-83B4-4A2F-9DA0-165E1C9A36D2}.Release|Any CPU.ActiveCfg = Release|Any CPU
		{11809799-83B4-4A2F-9DA0-165E1C9A36D2}.Release|Any CPU.Build.0 = Release|Any CPU
		{1C6CC6CA-FF8D-4A98-B26A-943880E9CB8E}.Debug|Any CPU.ActiveCfg = Debug|Any CPU
		{1C6CC6CA-FF8D-4A98-B26A-943880E9CB8E}.Debug|Any CPU.Build.0 = Debug|Any CPU
		{1C6CC6CA-FF8D-4A98-B26A-943880E9CB8E}.Release|Any CPU.ActiveCfg = Release|Any CPU
		{1C6CC6CA-FF8D-4A98-B26A-943880E9CB8E}.Release|Any CPU.Build.0 = Release|Any CPU
	EndGlobalSection
	GlobalSection(SolutionProperties) = preSolution
		HideSolutionNode = FALSE
	EndGlobalSection
	GlobalSection(ExtensibilityGlobals) = postSolution
		SolutionGuid = {4CC2A153-EC6D-4921-81CD-65EBEE80A662}
	EndGlobalSection
EndGlobal
